
#
# CprE 381 Generated Quartus Settings File
#

set_global_assignment -name FAMILY "Cyclone IV E"
set_global_assignment -name DEVICE EP4CE115F29C7
set_global_assignment -name ORIGINAL_QUARTUS_VERSION 21.1.1
set_global_assignment -name PROJECT_CREATION_TIME_DATE "19:07:08  JANUARY 28, 2019"
set_global_assignment -name LAST_QUARTUS_VERSION "21.1.1 Standard Edition"
set_global_assignment -name PROJECT_OUTPUT_DIRECTORY output_files
set_global_assignment -name PARTITION_NETLIST_TYPE SOURCE -section_id Top
set_global_assignment -name PARTITION_FITTER_PRESERVATION_LEVEL PLACEMENT_AND_ROUTING -section_id Top
set_global_assignment -name PARTITION_COLOR 16764057 -section_id Top
set_global_assignment -name TOP_LEVEL_ENTITY MIPS_Processor
set_global_assignment -name VHDL_INPUT_VERSION VHDL_2008
set_global_assignment -name VHDL_FILE "/home/ojewell/cpre381/Pipelined-MIPS-Processors/cpre381-toolflow/proj/src/Alu/alu.vhd"
set_global_assignment -name VHDL_FILE "/home/ojewell/cpre381/Pipelined-MIPS-Processors/cpre381-toolflow/proj/src/Alu/equalityModule.vhd"
set_global_assignment -name VHDL_FILE "/home/ojewell/cpre381/Pipelined-MIPS-Processors/cpre381-toolflow/proj/src/Alu/equalityMuxModule.vhd"
set_global_assignment -name VHDL_FILE "/home/ojewell/cpre381/Pipelined-MIPS-Processors/cpre381-toolflow/proj/src/Alu/lessThanModule.vhd"
set_global_assignment -name VHDL_FILE "/home/ojewell/cpre381/Pipelined-MIPS-Processors/cpre381-toolflow/proj/src/Alu/mux8t1_32.vhd"
set_global_assignment -name VHDL_FILE "/home/ojewell/cpre381/Pipelined-MIPS-Processors/cpre381-toolflow/proj/src/BarrelShifter/barrelShifter.vhd"
set_global_assignment -name VHDL_FILE "/home/ojewell/cpre381/Pipelined-MIPS-Processors/cpre381-toolflow/proj/src/BarrelShifter/vectorReverser_N.vhd"
set_global_assignment -name VHDL_FILE "/home/ojewell/cpre381/Pipelined-MIPS-Processors/cpre381-toolflow/proj/src/BottomLevel/andg2.vhd"
set_global_assignment -name VHDL_FILE "/home/ojewell/cpre381/Pipelined-MIPS-Processors/cpre381-toolflow/proj/src/BottomLevel/dffg.vhd"
set_global_assignment -name VHDL_FILE "/home/ojewell/cpre381/Pipelined-MIPS-Processors/cpre381-toolflow/proj/src/BottomLevel/invg.vhd"
set_global_assignment -name VHDL_FILE "/home/ojewell/cpre381/Pipelined-MIPS-Processors/cpre381-toolflow/proj/src/BottomLevel/mux2t1.vhd"
set_global_assignment -name VHDL_FILE "/home/ojewell/cpre381/Pipelined-MIPS-Processors/cpre381-toolflow/proj/src/BottomLevel/mux2t1_N.vhd"
set_global_assignment -name VHDL_FILE "/home/ojewell/cpre381/Pipelined-MIPS-Processors/cpre381-toolflow/proj/src/BottomLevel/org2.vhd"
set_global_assignment -name VHDL_FILE "/home/ojewell/cpre381/Pipelined-MIPS-Processors/cpre381-toolflow/proj/src/BottomLevel/xorg2.vhd"
set_global_assignment -name VHDL_FILE "/home/ojewell/cpre381/Pipelined-MIPS-Processors/cpre381-toolflow/proj/src/CarryLookaheadAdder/carryLookAheadAdder.vhd"
set_global_assignment -name VHDL_FILE "/home/ojewell/cpre381/Pipelined-MIPS-Processors/cpre381-toolflow/proj/src/CarryLookaheadAdder/fullAdder.vhd"
set_global_assignment -name VHDL_FILE "/home/ojewell/cpre381/Pipelined-MIPS-Processors/cpre381-toolflow/proj/src/ControlLogic/controlUnit.vhd"
set_global_assignment -name VHDL_FILE "/home/ojewell/cpre381/Pipelined-MIPS-Processors/cpre381-toolflow/proj/src/FetchLogic/adder1bit.vhd"
set_global_assignment -name VHDL_FILE "/home/ojewell/cpre381/Pipelined-MIPS-Processors/cpre381-toolflow/proj/src/FetchLogic/adder_N.vhd"
set_global_assignment -name VHDL_FILE "/home/ojewell/cpre381/Pipelined-MIPS-Processors/cpre381-toolflow/proj/src/FetchLogic/fetchLogic.vhd"
set_global_assignment -name VHDL_FILE "/home/ojewell/cpre381/Pipelined-MIPS-Processors/cpre381-toolflow/proj/src/Forwarding/forwardingUnit.vhd"
set_global_assignment -name VHDL_FILE "/home/ojewell/cpre381/Pipelined-MIPS-Processors/cpre381-toolflow/proj/src/HazardDetection/hazardDetectionUnit.vhd"
set_global_assignment -name VHDL_FILE "/home/ojewell/cpre381/Pipelined-MIPS-Processors/cpre381-toolflow/proj/src/HazardDetection/mux3t1_32.vhd"
set_global_assignment -name VHDL_FILE "/home/ojewell/cpre381/Pipelined-MIPS-Processors/cpre381-toolflow/proj/src/MIPS_types.vhd"
set_global_assignment -name VHDL_FILE "/home/ojewell/cpre381/Pipelined-MIPS-Processors/cpre381-toolflow/proj/src/OnesComp/onesComp.vhd"
set_global_assignment -name VHDL_FILE "/home/ojewell/cpre381/Pipelined-MIPS-Processors/cpre381-toolflow/proj/src/OnesComp/onesComp_N.vhd"
set_global_assignment -name VHDL_FILE "/home/ojewell/cpre381/Pipelined-MIPS-Processors/cpre381-toolflow/proj/src/PipelineRegisters/dffgNeg.vhd"
set_global_assignment -name VHDL_FILE "/home/ojewell/cpre381/Pipelined-MIPS-Processors/cpre381-toolflow/proj/src/PipelineRegisters/reg_EXMEM.vhd"
set_global_assignment -name VHDL_FILE "/home/ojewell/cpre381/Pipelined-MIPS-Processors/cpre381-toolflow/proj/src/PipelineRegisters/reg_IDEX.vhd"
set_global_assignment -name VHDL_FILE "/home/ojewell/cpre381/Pipelined-MIPS-Processors/cpre381-toolflow/proj/src/PipelineRegisters/reg_IFID.vhd"
set_global_assignment -name VHDL_FILE "/home/ojewell/cpre381/Pipelined-MIPS-Processors/cpre381-toolflow/proj/src/PipelineRegisters/reg_MEMWB.vhd"
set_global_assignment -name VHDL_FILE "/home/ojewell/cpre381/Pipelined-MIPS-Processors/cpre381-toolflow/proj/src/Registers/dffgPC.vhd"
set_global_assignment -name VHDL_FILE "/home/ojewell/cpre381/Pipelined-MIPS-Processors/cpre381-toolflow/proj/src/Registers/regFile.vhd"
set_global_assignment -name VHDL_FILE "/home/ojewell/cpre381/Pipelined-MIPS-Processors/cpre381-toolflow/proj/src/Registers/reg_N.vhd"
set_global_assignment -name VHDL_FILE "/home/ojewell/cpre381/Pipelined-MIPS-Processors/cpre381-toolflow/proj/src/Registers/reg_NPC.vhd"
set_global_assignment -name VHDL_FILE "/home/ojewell/cpre381/Pipelined-MIPS-Processors/cpre381-toolflow/proj/src/Registers/stackPointerRegister.vhd"
set_global_assignment -name VHDL_FILE "/home/ojewell/cpre381/Pipelined-MIPS-Processors/cpre381-toolflow/proj/src/TopLevel/MIPS_Processor.vhd"
set_global_assignment -name VHDL_FILE "/home/ojewell/cpre381/Pipelined-MIPS-Processors/cpre381-toolflow/proj/src/TopLevel/decoder5t32.vhd"
set_global_assignment -name VHDL_FILE "/home/ojewell/cpre381/Pipelined-MIPS-Processors/cpre381-toolflow/proj/src/TopLevel/mem.vhd"
set_global_assignment -name VHDL_FILE "/home/ojewell/cpre381/Pipelined-MIPS-Processors/cpre381-toolflow/proj/src/TopLevel/mux32t1_new.vhd"
set_global_assignment -name VHDL_FILE "/home/ojewell/cpre381/Pipelined-MIPS-Processors/cpre381-toolflow/proj/src/TopLevel/sign_ext.vhd"
